
Microsoft Visual Studio Solution File, Format Version 12.00
# Visual Studio Version 17
VisualStudioVersion = 17.14.36401.2 d17.14
MinimumVisualStudioVersion = 10.0.40219.1
Project("{FAE04EC0-301F-11D3-BF4B-00C04F79EFBC}") = "Dia13_Jogo_de_Advinhação", "Dia13_Jogo_de_Advinhação.csproj", "{147BF19B-01B6-4DE7-A595-26237761C5F8}"
EndProject
Global
	GlobalSection(SolutionConfigurationPlatforms) = preSolution
		Debug|Any CPU = Debug|Any CPU
		Release|Any CPU = Release|Any CPU
	EndGlobalSection
	GlobalSection(ProjectConfigurationPlatforms) = postSolution
		{147BF19B-01B6-4DE7-A595-26237761C5F8}.Debug|Any CPU.ActiveCfg = Debug|Any CPU
		{147BF19B-01B6-4DE7-A595-26237761C5F8}.Debug|Any CPU.Build.0 = Debug|Any CPU
		{147BF19B-01B6-4DE7-A595-26237761C5F8}.Release|Any CPU.ActiveCfg = Release|Any CPU
		{147BF19B-01B6-4DE7-A595-26237761C5F8}.Release|Any CPU.Build.0 = Release|Any CPU
	EndGlobalSection
	GlobalSection(SolutionProperties) = preSolution
		HideSolutionNode = FALSE
	EndGlobalSection
	GlobalSection(ExtensibilityGlobals) = postSolution
		SolutionGuid = {878527E0-455A-4E17-92B3-974011FE49F6}
	EndGlobalSection
EndGlobal
