
Microsoft Visual Studio Solution File, Format Version 12.00
# Visual Studio Version 17
VisualStudioVersion = 17.14.36310.24 d17.14
MinimumVisualStudioVersion = 10.0.40219.1
Project("{FAE04EC0-301F-11D3-BF4B-00C04F79EFBC}") = "Dia5_Dicionarios", "Dia5_Dicionarios.csproj", "{D02FDA49-7631-4CC0-B95A-58440829D6B5}"
EndProject
Global
	GlobalSection(SolutionConfigurationPlatforms) = preSolution
		Debug|Any CPU = Debug|Any CPU
		Release|Any CPU = Release|Any CPU
	EndGlobalSection
	GlobalSection(ProjectConfigurationPlatforms) = postSolution
		{D02FDA49-7631-4CC0-B95A-58440829D6B5}.Debug|Any CPU.ActiveCfg = Debug|Any CPU
		{D02FDA49-7631-4CC0-B95A-58440829D6B5}.Debug|Any CPU.Build.0 = Debug|Any CPU
		{D02FDA49-7631-4CC0-B95A-58440829D6B5}.Release|Any CPU.ActiveCfg = Release|Any CPU
		{D02FDA49-7631-4CC0-B95A-58440829D6B5}.Release|Any CPU.Build.0 = Release|Any CPU
	EndGlobalSection
	GlobalSection(SolutionProperties) = preSolution
		HideSolutionNode = FALSE
	EndGlobalSection
	GlobalSection(ExtensibilityGlobals) = postSolution
		SolutionGuid = {D5DCD58C-EF7C-4116-911F-5D3776E0E29B}
	EndGlobalSection
EndGlobal
